github.com/HowXu/bptree v0.0.0-20241117032350-7b52a075344e h1:BWsqxbzgsA6dxQvztwxmE3KWRmNNsA9/UGFLCLeDldU=
github.com/HowXu/bptree v0.0.0-20241117032350-7b52a075344e/go.mod h1:2l1oSmo52LsjNS0ykKoZa6TiO0mnROMdC6yuVtxtwa8=
github.com/HowXu/bptree v0.0.0-20241117033417-250af5b3f9e3 h1:VSFI28qdyponiL/7TcsgpI+JhsfBBVgK8s6ykXJtLkA=
github.com/HowXu/bptree v0.0.0-20241117033417-250af5b3f9e3/go.mod h1:2l1oSmo52LsjNS0ykKoZa6TiO0mnROMdC6yuVtxtwa8=
